
Microsoft Visual Studio Solution File, Format Version 12.00
# Visual Studio Version 17
VisualStudioVersion = 17.5.33516.290
MinimumVisualStudioVersion = 10.0.40219.1
Project("{9A19103F-16F7-4668-BE54-9A1E7A4F7556}") = "EmployeeAPI", "EmployeeAPI\EmployeeAPI.csproj", "{3A60D771-DB44-4EEF-9AE0-0DF8ADD5746F}"
EndProject
Project("{9A19103F-16F7-4668-BE54-9A1E7A4F7556}") = "EmployeeRole.Domain", "Employee.Domain\EmployeeRole.Domain.csproj", "{869AF49C-6042-4205-A723-2C7DA30F25CB}"
EndProject
Project("{9A19103F-16F7-4668-BE54-9A1E7A4F7556}") = "EmployeeRole.Data", "Employee.Data\EmployeeRole.Data.csproj", "{C4C82AC2-5335-427B-9F03-942EDB2EB5D8}"
EndProject
Global
	GlobalSection(SolutionConfigurationPlatforms) = preSolution
		Debug|Any CPU = Debug|Any CPU
		Release|Any CPU = Release|Any CPU
	EndGlobalSection
	GlobalSection(ProjectConfigurationPlatforms) = postSolution
		{3A60D771-DB44-4EEF-9AE0-0DF8ADD5746F}.Debug|Any CPU.ActiveCfg = Debug|Any CPU
		{3A60D771-DB44-4EEF-9AE0-0DF8ADD5746F}.Debug|Any CPU.Build.0 = Debug|Any CPU
		{3A60D771-DB44-4EEF-9AE0-0DF8ADD5746F}.Release|Any CPU.ActiveCfg = Release|Any CPU
		{3A60D771-DB44-4EEF-9AE0-0DF8ADD5746F}.Release|Any CPU.Build.0 = Release|Any CPU
		{869AF49C-6042-4205-A723-2C7DA30F25CB}.Debug|Any CPU.ActiveCfg = Debug|Any CPU
		{869AF49C-6042-4205-A723-2C7DA30F25CB}.Debug|Any CPU.Build.0 = Debug|Any CPU
		{869AF49C-6042-4205-A723-2C7DA30F25CB}.Release|Any CPU.ActiveCfg = Release|Any CPU
		{869AF49C-6042-4205-A723-2C7DA30F25CB}.Release|Any CPU.Build.0 = Release|Any CPU
		{C4C82AC2-5335-427B-9F03-942EDB2EB5D8}.Debug|Any CPU.ActiveCfg = Debug|Any CPU
		{C4C82AC2-5335-427B-9F03-942EDB2EB5D8}.Debug|Any CPU.Build.0 = Debug|Any CPU
		{C4C82AC2-5335-427B-9F03-942EDB2EB5D8}.Release|Any CPU.ActiveCfg = Release|Any CPU
		{C4C82AC2-5335-427B-9F03-942EDB2EB5D8}.Release|Any CPU.Build.0 = Release|Any CPU
	EndGlobalSection
	GlobalSection(SolutionProperties) = preSolution
		HideSolutionNode = FALSE
	EndGlobalSection
	GlobalSection(ExtensibilityGlobals) = postSolution
		SolutionGuid = {38011387-F3EF-450B-84D2-DBE65563E6DB}
	EndGlobalSection
EndGlobal
